
Microsoft Visual Studio Solution File, Format Version 12.00
# Visual Studio Version 17
VisualStudioVersion = 17.0.31903.59
MinimumVisualStudioVersion = 10.0.40219.1
Project("{2150E333-8FDC-42A3-9474-1A3956D46DE8}") = "src", "src", "{C4B8CE89-BE5A-4B6E-84A6-CD5D04C1E9AE}"
EndProject
Project("{FAE04EC0-301F-11D3-BF4B-00C04F79EFBC}") = "Saturn", "src\Saturn\Saturn.csproj", "{DC3E127F-A7F3-4898-B4DE-C65978100B76}"
EndProject
Project("{FAE04EC0-301F-11D3-BF4B-00C04F79EFBC}") = "Neptune", "src\Neptune\Neptune.csproj", "{5053BE0D-E083-4258-8BC9-B7D6B33DC372}"
EndProject
Global
	GlobalSection(SolutionConfigurationPlatforms) = preSolution
		Debug|Any CPU = Debug|Any CPU
		Release|Any CPU = Release|Any CPU
	EndGlobalSection
	GlobalSection(SolutionProperties) = preSolution
		HideSolutionNode = FALSE
	EndGlobalSection
	GlobalSection(ProjectConfigurationPlatforms) = postSolution
		{DC3E127F-A7F3-4898-B4DE-C65978100B76}.Debug|Any CPU.ActiveCfg = Debug|Any CPU
		{DC3E127F-A7F3-4898-B4DE-C65978100B76}.Debug|Any CPU.Build.0 = Debug|Any CPU
		{DC3E127F-A7F3-4898-B4DE-C65978100B76}.Release|Any CPU.ActiveCfg = Release|Any CPU
		{DC3E127F-A7F3-4898-B4DE-C65978100B76}.Release|Any CPU.Build.0 = Release|Any CPU
		{5053BE0D-E083-4258-8BC9-B7D6B33DC372}.Debug|Any CPU.ActiveCfg = Debug|Any CPU
		{5053BE0D-E083-4258-8BC9-B7D6B33DC372}.Debug|Any CPU.Build.0 = Debug|Any CPU
		{5053BE0D-E083-4258-8BC9-B7D6B33DC372}.Release|Any CPU.ActiveCfg = Release|Any CPU
		{5053BE0D-E083-4258-8BC9-B7D6B33DC372}.Release|Any CPU.Build.0 = Release|Any CPU
	EndGlobalSection
	GlobalSection(NestedProjects) = preSolution
		{DC3E127F-A7F3-4898-B4DE-C65978100B76} = {C4B8CE89-BE5A-4B6E-84A6-CD5D04C1E9AE}
		{5053BE0D-E083-4258-8BC9-B7D6B33DC372} = {C4B8CE89-BE5A-4B6E-84A6-CD5D04C1E9AE}
	EndGlobalSection
EndGlobal
